
Microsoft Visual Studio Solution File, Format Version 12.00
# Visual Studio Version 16
VisualStudioVersion = 16.0.30503.244
MinimumVisualStudioVersion = 10.0.40219.1
Project("{FAE04EC0-301F-11D3-BF4B-00C04F79EFBC}") = "ACMS", "ACMS.csproj", "{D41D1F32-9579-444C-A507-A690214F1A77}"
EndProject
Global
	GlobalSection(SolutionConfigurationPlatforms) = preSolution
		Debug|Any CPU = Debug|Any CPU
		Release|Any CPU = Release|Any CPU
	EndGlobalSection
	GlobalSection(ProjectConfigurationPlatforms) = postSolution
		{D41D1F32-9579-444C-A507-A690214F1A77}.Debug|Any CPU.ActiveCfg = Debug|Any CPU
		{D41D1F32-9579-444C-A507-A690214F1A77}.Debug|Any CPU.Build.0 = Debug|Any CPU
		{D41D1F32-9579-444C-A507-A690214F1A77}.Release|Any CPU.ActiveCfg = Release|Any CPU
		{D41D1F32-9579-444C-A507-A690214F1A77}.Release|Any CPU.Build.0 = Release|Any CPU
	EndGlobalSection
	GlobalSection(SolutionProperties) = preSolution
		HideSolutionNode = FALSE
	EndGlobalSection
	GlobalSection(ExtensibilityGlobals) = postSolution
		SolutionGuid = {FDFCBFB7-A379-4CF4-994C-CE31B2AD199D}
	EndGlobalSection
EndGlobal
